# generated by rye
# use `rye lock` or `rye sync` to update this lockfile
#
# last locked with the following flags:
#   pre: false
#   features: []
#   all-features: false
#   with-sources: false

-e file:.
asgiref==3.8.0
    # via django
django==5.0.3
    # via django-ninja
    # via django-pghistory
    # via django-pgtrigger
    # via formkit-ninja
django-ninja==0.22.2
    # via formkit-ninja
django-pghistory==3.1.0
    # via formkit-ninja
django-pgtrigger==4.11.0
    # via django-pghistory
    # via formkit-ninja
pydantic==1.10.14
    # via django-ninja
sqlparse==0.4.4
    # via django
typing-extensions==4.10.0
    # via pydantic
