# generated by rye
# use `rye lock` or `rye sync` to update this lockfile
#
# last locked with the following flags:
#   pre: false
#   features: []
#   all-features: false
#   with-sources: false

-e file:.
asgiref==3.8.0
    # via django
certifi==2024.2.2
    # via requests
charset-normalizer==3.3.2
    # via requests
coverage==7.4.4
    # via pytest-cov
django==5.0.3
    # via django-ninja
    # via django-pghistory
    # via django-pgtrigger
    # via django-stubs
    # via django-stubs-ext
    # via formkit-ninja
django-ninja==0.22.2
    # via formkit-ninja
django-pghistory==3.1.0
    # via formkit-ninja
django-pgtrigger==4.11.0
    # via django-pghistory
    # via formkit-ninja
django-stubs==4.2.7
django-stubs-ext==4.2.7
    # via django-stubs
greenlet==3.0.3
    # via playwright
idna==3.6
    # via requests
iniconfig==2.0.0
    # via pytest
jinja2==3.1.3
markdown-it-py==3.0.0
    # via rich
markupsafe==2.1.5
    # via jinja2
mdurl==0.1.2
    # via markdown-it-py
packaging==24.0
    # via pytest
playwright==1.42.0
    # via pytest-playwright
pluggy==1.4.0
    # via pytest
psycopg2-binary==2.9.9
pydantic==1.10.14
    # via django-ninja
pyee==11.0.1
    # via playwright
pygments==2.17.2
    # via rich
pytest==8.1.1
    # via pytest-base-url
    # via pytest-cov
    # via pytest-django
    # via pytest-playwright
pytest-base-url==2.1.0
    # via pytest-playwright
pytest-cov==4.1.0
pytest-django==4.8.0
pytest-playwright==0.4.4
python-slugify==8.0.4
    # via pytest-playwright
requests==2.31.0
    # via pytest-base-url
rich==13.7.1
sqlparse==0.4.4
    # via django
text-unidecode==1.3
    # via python-slugify
types-pytz==2024.1.0.20240203
    # via django-stubs
types-pyyaml==6.0.12.20240311
    # via django-stubs
typing-extensions==4.10.0
    # via django-stubs
    # via django-stubs-ext
    # via pydantic
    # via pyee
urllib3==2.2.1
    # via requests
